
Microsoft Visual Studio Solution File, Format Version 11.00
# Visual Studio 2010
Project("{8BC9CEB8-8B4A-11D0-8D11-00A0C91BC942}") = "msgpackc", "msgpack.vcxproj", "{122A2EA4-B283-4241-9655-786DE78283B2}"
EndProject
Global
	GlobalSection(SolutionConfigurationPlatforms) = preSolution
		Debug|Win32 = Debug|Win32
		Debug|x64 = Debug|x64
		LIB Debug|Win32 = LIB Debug|Win32
		LIB Debug|x64 = LIB Debug|x64
		LIB Release|Win32 = LIB Release|Win32
		LIB Release|x64 = LIB Release|x64
		Release|Win32 = Release|Win32
		Release|x64 = Release|x64
	EndGlobalSection
	GlobalSection(ProjectConfigurationPlatforms) = postSolution
		{122A2EA4-B283-4241-9655-786DE78283B2}.Debug|Win32.ActiveCfg = Debug|Win32
		{122A2EA4-B283-4241-9655-786DE78283B2}.Debug|Win32.Build.0 = Debug|Win32
		{122A2EA4-B283-4241-9655-786DE78283B2}.Debug|x64.ActiveCfg = Debug|x64
		{122A2EA4-B283-4241-9655-786DE78283B2}.Debug|x64.Build.0 = Debug|x64
		{122A2EA4-B283-4241-9655-786DE78283B2}.LIB Debug|Win32.ActiveCfg = LIB Debug|Win32
		{122A2EA4-B283-4241-9655-786DE78283B2}.LIB Debug|Win32.Build.0 = LIB Debug|Win32
		{122A2EA4-B283-4241-9655-786DE78283B2}.LIB Debug|x64.ActiveCfg = LIB Debug|x64
		{122A2EA4-B283-4241-9655-786DE78283B2}.LIB Debug|x64.Build.0 = LIB Debug|x64
		{122A2EA4-B283-4241-9655-786DE78283B2}.LIB Release|Win32.ActiveCfg = LIB Release|Win32
		{122A2EA4-B283-4241-9655-786DE78283B2}.LIB Release|Win32.Build.0 = LIB Release|Win32
		{122A2EA4-B283-4241-9655-786DE78283B2}.LIB Release|x64.ActiveCfg = LIB Release|x64
		{122A2EA4-B283-4241-9655-786DE78283B2}.LIB Release|x64.Build.0 = LIB Release|x64
		{122A2EA4-B283-4241-9655-786DE78283B2}.Release|Win32.ActiveCfg = Release|Win32
		{122A2EA4-B283-4241-9655-786DE78283B2}.Release|Win32.Build.0 = Release|Win32
		{122A2EA4-B283-4241-9655-786DE78283B2}.Release|x64.ActiveCfg = Release|x64
		{122A2EA4-B283-4241-9655-786DE78283B2}.Release|x64.Build.0 = Release|x64
	EndGlobalSection
	GlobalSection(SolutionProperties) = preSolution
		HideSolutionNode = FALSE
	EndGlobalSection
EndGlobal
